
Microsoft Visual Studio Solution File, Format Version 12.00
# Visual Studio 15
VisualStudioVersion = 15.0.27703.2042
MinimumVisualStudioVersion = 10.0.40219.1
Project("{FAE04EC0-301F-11D3-BF4B-00C04F79EFBC}") = "CalculoDeSubstituicaoTributariaNovaApuracao", "CalculoDeSubstituicaoTributariaNovaApuracao\CalculoDeSubstituicaoTributariaNovaApuracao.csproj", "{65A7872F-7BAB-46E6-940B-BC9CF74A47BA}"
EndProject
Global
	GlobalSection(SolutionConfigurationPlatforms) = preSolution
		Debug|Any CPU = Debug|Any CPU
		Release|Any CPU = Release|Any CPU
	EndGlobalSection
	GlobalSection(ProjectConfigurationPlatforms) = postSolution
		{65A7872F-7BAB-46E6-940B-BC9CF74A47BA}.Debug|Any CPU.ActiveCfg = Debug|Any CPU
		{65A7872F-7BAB-46E6-940B-BC9CF74A47BA}.Debug|Any CPU.Build.0 = Debug|Any CPU
		{65A7872F-7BAB-46E6-940B-BC9CF74A47BA}.Release|Any CPU.ActiveCfg = Release|Any CPU
		{65A7872F-7BAB-46E6-940B-BC9CF74A47BA}.Release|Any CPU.Build.0 = Release|Any CPU
	EndGlobalSection
	GlobalSection(SolutionProperties) = preSolution
		HideSolutionNode = FALSE
	EndGlobalSection
	GlobalSection(ExtensibilityGlobals) = postSolution
		SolutionGuid = {0163DA9A-3AAF-420D-90C4-3C94FE01E125}
	EndGlobalSection
EndGlobal
